
Microsoft Visual Studio Solution File, Format Version 12.00
# Visual Studio 15
VisualStudioVersion = 15.0.27004.2008
MinimumVisualStudioVersion = 10.0.40219.1
Project("{FAE04EC0-301F-11D3-BF4B-00C04F79EFBC}") = "Tests", "Tests\Tests.csproj", "{A328EF34-2E27-457B-81C8-A0FAF24FED7E}"
EndProject
Project("{9A19103F-16F7-4668-BE54-9A1E7A4F7556}") = "DRPTranslator", "DRPTranslator\DRPTranslator.csproj", "{1C4B9672-87CB-4755-8BBB-440AD0E14DDD}"
EndProject
Global
	GlobalSection(SolutionConfigurationPlatforms) = preSolution
		Debug|Any CPU = Debug|Any CPU
		Release|Any CPU = Release|Any CPU
	EndGlobalSection
	GlobalSection(ProjectConfigurationPlatforms) = postSolution
		{A328EF34-2E27-457B-81C8-A0FAF24FED7E}.Debug|Any CPU.ActiveCfg = Debug|Any CPU
		{A328EF34-2E27-457B-81C8-A0FAF24FED7E}.Debug|Any CPU.Build.0 = Debug|Any CPU
		{A328EF34-2E27-457B-81C8-A0FAF24FED7E}.Release|Any CPU.ActiveCfg = Release|Any CPU
		{A328EF34-2E27-457B-81C8-A0FAF24FED7E}.Release|Any CPU.Build.0 = Release|Any CPU
		{1C4B9672-87CB-4755-8BBB-440AD0E14DDD}.Debug|Any CPU.ActiveCfg = Debug|Any CPU
		{1C4B9672-87CB-4755-8BBB-440AD0E14DDD}.Debug|Any CPU.Build.0 = Debug|Any CPU
		{1C4B9672-87CB-4755-8BBB-440AD0E14DDD}.Release|Any CPU.ActiveCfg = Release|Any CPU
		{1C4B9672-87CB-4755-8BBB-440AD0E14DDD}.Release|Any CPU.Build.0 = Release|Any CPU
	EndGlobalSection
	GlobalSection(SolutionProperties) = preSolution
		HideSolutionNode = FALSE
	EndGlobalSection
	GlobalSection(ExtensibilityGlobals) = postSolution
		SolutionGuid = {9C88A1CF-0015-41DB-83F5-03BD43C0FDC8}
	EndGlobalSection
EndGlobal
